
Microsoft Visual Studio Solution File, Format Version 12.00
# Visual Studio Version 17
VisualStudioVersion = 17.2.32616.157
MinimumVisualStudioVersion = 10.0.40219.1
Project("{FAE04EC0-301F-11D3-BF4B-00C04F79EFBC}") = "BibliotecaAPIcodeFirst", "BibliotecaAPIcodeFirst\BibliotecaAPIcodeFirst.csproj", "{6DFFA69B-A4B1-466C-A543-7CA1ADBCE2D2}"
EndProject
Global
	GlobalSection(SolutionConfigurationPlatforms) = preSolution
		Debug|Any CPU = Debug|Any CPU
		Release|Any CPU = Release|Any CPU
	EndGlobalSection
	GlobalSection(ProjectConfigurationPlatforms) = postSolution
		{6DFFA69B-A4B1-466C-A543-7CA1ADBCE2D2}.Debug|Any CPU.ActiveCfg = Debug|Any CPU
		{6DFFA69B-A4B1-466C-A543-7CA1ADBCE2D2}.Debug|Any CPU.Build.0 = Debug|Any CPU
		{6DFFA69B-A4B1-466C-A543-7CA1ADBCE2D2}.Release|Any CPU.ActiveCfg = Release|Any CPU
		{6DFFA69B-A4B1-466C-A543-7CA1ADBCE2D2}.Release|Any CPU.Build.0 = Release|Any CPU
	EndGlobalSection
	GlobalSection(SolutionProperties) = preSolution
		HideSolutionNode = FALSE
	EndGlobalSection
	GlobalSection(ExtensibilityGlobals) = postSolution
		SolutionGuid = {DAF80A0D-A86B-4695-B844-2D5BA61E6D74}
	EndGlobalSection
EndGlobal
